{
  "name": "query_app",
  "lockfileVersion": 2,
  "requires": true,
  "packages": {
    "": {
      "dependencies": {
        "escape-unicode": "^0.2.0"
      }
    },
    "node_modules/escape-unicode": {
      "version": "0.2.0",
      "resolved": "https://registry.npmjs.org/escape-unicode/-/escape-unicode-0.2.0.tgz",
      "integrity": "sha512-7jMQuKb8nm0h/9HYLfu4NCLFwoUsd5XO6OZ1z86PbKcMf8zDK1m7nFR0iA2CCShq4TSValaLIveE8T1UBxgALQ==",
      "engines": {
        "node": ">=8"
      }
    }
  },
  "dependencies": {
    "escape-unicode": {
      "version": "0.2.0",
      "resolved": "https://registry.npmjs.org/escape-unicode/-/escape-unicode-0.2.0.tgz",
      "integrity": "sha512-7jMQuKb8nm0h/9HYLfu4NCLFwoUsd5XO6OZ1z86PbKcMf8zDK1m7nFR0iA2CCShq4TSValaLIveE8T1UBxgALQ=="
    }
  }
}
